
Microsoft Visual Studio Solution File, Format Version 12.00
# Visual Studio Version 16
Project("{8BC9CEB8-8B4A-11D0-8D11-00A0C91BC942}") = "ALL_BUILD", "ALL_BUILD.vcxproj", "{B54878C7-88E4-3066-AE92-62E631381B68}"
	ProjectSection(ProjectDependencies) = postProject
		{822C4ED5-4861-3ED3-8CFF-F2E2B220293E} = {822C4ED5-4861-3ED3-8CFF-F2E2B220293E}
		{B046BBD4-00BD-374C-A542-EEF9EBB16CC0} = {B046BBD4-00BD-374C-A542-EEF9EBB16CC0}
	EndProjectSection
EndProject
Project("{8BC9CEB8-8B4A-11D0-8D11-00A0C91BC942}") = "ZERO_CHECK", "ZERO_CHECK.vcxproj", "{822C4ED5-4861-3ED3-8CFF-F2E2B220293E}"
	ProjectSection(ProjectDependencies) = postProject
	EndProjectSection
EndProject
Project("{8BC9CEB8-8B4A-11D0-8D11-00A0C91BC942}") = "cpp11", "cpp11.vcxproj", "{B046BBD4-00BD-374C-A542-EEF9EBB16CC0}"
	ProjectSection(ProjectDependencies) = postProject
		{822C4ED5-4861-3ED3-8CFF-F2E2B220293E} = {822C4ED5-4861-3ED3-8CFF-F2E2B220293E}
	EndProjectSection
EndProject
Global
	GlobalSection(SolutionConfigurationPlatforms) = preSolution
		Debug|x64 = Debug|x64
		Release|x64 = Release|x64
		MinSizeRel|x64 = MinSizeRel|x64
		RelWithDebInfo|x64 = RelWithDebInfo|x64
	EndGlobalSection
	GlobalSection(ProjectConfigurationPlatforms) = postSolution
		{B54878C7-88E4-3066-AE92-62E631381B68}.Debug|x64.ActiveCfg = Debug|x64
		{B54878C7-88E4-3066-AE92-62E631381B68}.Release|x64.ActiveCfg = Release|x64
		{B54878C7-88E4-3066-AE92-62E631381B68}.MinSizeRel|x64.ActiveCfg = MinSizeRel|x64
		{B54878C7-88E4-3066-AE92-62E631381B68}.RelWithDebInfo|x64.ActiveCfg = RelWithDebInfo|x64
		{822C4ED5-4861-3ED3-8CFF-F2E2B220293E}.Debug|x64.ActiveCfg = Debug|x64
		{822C4ED5-4861-3ED3-8CFF-F2E2B220293E}.Debug|x64.Build.0 = Debug|x64
		{822C4ED5-4861-3ED3-8CFF-F2E2B220293E}.Release|x64.ActiveCfg = Release|x64
		{822C4ED5-4861-3ED3-8CFF-F2E2B220293E}.Release|x64.Build.0 = Release|x64
		{822C4ED5-4861-3ED3-8CFF-F2E2B220293E}.MinSizeRel|x64.ActiveCfg = MinSizeRel|x64
		{822C4ED5-4861-3ED3-8CFF-F2E2B220293E}.MinSizeRel|x64.Build.0 = MinSizeRel|x64
		{822C4ED5-4861-3ED3-8CFF-F2E2B220293E}.RelWithDebInfo|x64.ActiveCfg = RelWithDebInfo|x64
		{822C4ED5-4861-3ED3-8CFF-F2E2B220293E}.RelWithDebInfo|x64.Build.0 = RelWithDebInfo|x64
		{B046BBD4-00BD-374C-A542-EEF9EBB16CC0}.Debug|x64.ActiveCfg = Debug|x64
		{B046BBD4-00BD-374C-A542-EEF9EBB16CC0}.Debug|x64.Build.0 = Debug|x64
		{B046BBD4-00BD-374C-A542-EEF9EBB16CC0}.Release|x64.ActiveCfg = Release|x64
		{B046BBD4-00BD-374C-A542-EEF9EBB16CC0}.Release|x64.Build.0 = Release|x64
		{B046BBD4-00BD-374C-A542-EEF9EBB16CC0}.MinSizeRel|x64.ActiveCfg = MinSizeRel|x64
		{B046BBD4-00BD-374C-A542-EEF9EBB16CC0}.MinSizeRel|x64.Build.0 = MinSizeRel|x64
		{B046BBD4-00BD-374C-A542-EEF9EBB16CC0}.RelWithDebInfo|x64.ActiveCfg = RelWithDebInfo|x64
		{B046BBD4-00BD-374C-A542-EEF9EBB16CC0}.RelWithDebInfo|x64.Build.0 = RelWithDebInfo|x64
	EndGlobalSection
	GlobalSection(ExtensibilityGlobals) = postSolution
		SolutionGuid = {9F9E899D-3D88-3BEC-86B3-BB5A412367AA}
	EndGlobalSection
	GlobalSection(ExtensibilityAddIns) = postSolution
	EndGlobalSection
EndGlobal
