<?xml version="1.0" encoding="utf-8"?>
<Project ToolsVersion="16.0" xmlns="http://schemas.microsoft.com/developer/msbuild/2003">
  <ItemGroup>
    <CustomBuild Include="D:\! MyProjects\k60gpu\ckp_work\cuda\cmake28\_build\CMakeFiles\376a4b41e462466f910897379531840e\generate.stamp.rule">
      <Filter>CMake Rules</Filter>
    </CustomBuild>
  </ItemGroup>
  <ItemGroup>
    <Filter Include="CMake Rules">
      <UniqueIdentifier>{81BBB75B-C4A3-35D7-9C07-4A7F7A238F9D}</UniqueIdentifier>
    </Filter>
  </ItemGroup>
</Project>
